
Microsoft Visual Studio Solution File, Format Version 12.00
# Visual Studio Version 17
VisualStudioVersion = 17.3.32901.215
MinimumVisualStudioVersion = 10.0.40219.1
Project("{FAE04EC0-301F-11D3-BF4B-00C04F79EFBC}") = "Cloudforce-Revamped", "Cloudforce-Revamped.csproj", "{30586A70-42C0-4939-869A-3BEC0D027BAF}"
EndProject
Global
	GlobalSection(SolutionConfigurationPlatforms) = preSolution
		Debug|Any CPU = Debug|Any CPU
		Release|Any CPU = Release|Any CPU
	EndGlobalSection
	GlobalSection(ProjectConfigurationPlatforms) = postSolution
		{30586A70-42C0-4939-869A-3BEC0D027BAF}.Debug|Any CPU.ActiveCfg = Debug|Any CPU
		{30586A70-42C0-4939-869A-3BEC0D027BAF}.Debug|Any CPU.Build.0 = Debug|Any CPU
		{30586A70-42C0-4939-869A-3BEC0D027BAF}.Release|Any CPU.ActiveCfg = Release|Any CPU
		{30586A70-42C0-4939-869A-3BEC0D027BAF}.Release|Any CPU.Build.0 = Release|Any CPU
	EndGlobalSection
	GlobalSection(SolutionProperties) = preSolution
		HideSolutionNode = FALSE
	EndGlobalSection
	GlobalSection(ExtensibilityGlobals) = postSolution
		SolutionGuid = {A97C003B-2D2A-4500-BB09-591CE0392505}
	EndGlobalSection
EndGlobal
